<?xml version="1.0" encoding="utf-8"?>
<Project ToolsVersion="4.0" xmlns="http://schemas.microsoft.com/developer/msbuild/2003">
  <ItemGroup>
    <Filter Include="Source Files">
      <UniqueIdentifier>{4FC737F1-C7A5-4376-A066-2A32D752A2FF}</UniqueIdentifier>
      <Extensions>cpp;c;cc;cxx;def;odl;idl;hpj;bat;asm;asmx</Extensions>
    </Filter>
    <Filter Include="Header Files">
      <UniqueIdentifier>{93995380-89BD-4b04-88EB-625FBE52EBFB}</UniqueIdentifier>
      <Extensions>h;hpp;hxx;hm;inl;inc;xsd</Extensions>
    </Filter>
    <Filter Include="Resource Files">
      <UniqueIdentifier>{67DA6AB6-F800-4c08-8B7A-83BB121AAD01}</UniqueIdentifier>
      <Extensions>rc;ico;cur;bmp;dlg;rc2;rct;bin;rgs;gif;jpg;jpeg;jpe;resx;tiff;tif;png;wav;mfcribbon-ms</Extensions>
    </Filter>
    <Filter Include="Lib">
      <UniqueIdentifier>{2a761bfb-f2ca-4753-aa55-73e6b59f3e9b}</UniqueIdentifier>
    </Filter>
  </ItemGroup>
  <ItemGroup>
    <ClCompile Include="src\definition\ModelDAO.cpp">
      <Filter>Source Files</Filter>
    </ClCompile>
    <ClCompile Include="src\definition\startFile.cpp">
      <Filter>Source Files</Filter>
    </ClCompile>
    <ClCompile Include="src\definition\ViewFileListManager.cpp">
      <Filter>Source Files</Filter>
    </ClCompile>
    <ClCompile Include="src\definition\ViewGuiBuilder.cpp">
      <Filter>Source Files</Filter>
    </ClCompile>
    <ClCompile Include="src\definition\ControlExceptionManager.cpp">
      <Filter>Source Files</Filter>
    </ClCompile>
    <ClCompile Include="src\definition\ControlMain.cpp">
      <Filter>Source Files</Filter>
    </ClCompile>
    <ClCompile Include="src\definition\ModelConnection.cpp">
      <Filter>Source Files</Filter>
    </ClCompile>
    <ClCompile Include="src\lib\ftpparse.cpp">
      <Filter>Lib</Filter>
    </ClCompile>
  </ItemGroup>
  <ItemGroup>
    <ClInclude Include="src\header\ControlMainEventsInterface.h">
      <Filter>Header Files</Filter>
    </ClInclude>
    <ClInclude Include="src\header\InnerConfig.h">
      <Filter>Header Files</Filter>
    </ClInclude>
    <ClInclude Include="src\header\ModelConnection.h">
      <Filter>Header Files</Filter>
    </ClInclude>
    <ClInclude Include="src\header\ModelDAO.h">
      <Filter>Header Files</Filter>
    </ClInclude>
    <ClInclude Include="src\header\ModelDAOInterface.h">
      <Filter>Header Files</Filter>
    </ClInclude>
    <ClInclude Include="src\header\ViewFileListManager.h">
      <Filter>Header Files</Filter>
    </ClInclude>
    <ClInclude Include="src\header\ViewGuiBuilder.h">
      <Filter>Header Files</Filter>
    </ClInclude>
    <ClInclude Include="src\header\ViewGuiBuilderInterface.h">
      <Filter>Header Files</Filter>
    </ClInclude>
    <ClInclude Include="src\header\ControlExceptionManager.h">
      <Filter>Header Files</Filter>
    </ClInclude>
    <ClInclude Include="src\header\ControlMain.h">
      <Filter>Header Files</Filter>
    </ClInclude>
    <ClInclude Include="src\header\ContainerFileInfo.h">
      <Filter>Header Files</Filter>
    </ClInclude>
    <ClInclude Include="src\header\ContainerException.h">
      <Filter>Header Files</Filter>
    </ClInclude>
    <ClInclude Include="src\lib\ftpparse.h">
      <Filter>Lib</Filter>
    </ClInclude>
  </ItemGroup>
</Project>